
Microsoft Visual Studio Solution File, Format Version 12.00
# Visual Studio Version 17
VisualStudioVersion = 17.2.32630.192
MinimumVisualStudioVersion = 10.0.40219.1
Project("{9A19103F-16F7-4668-BE54-9A1E7A4F7556}") = "R5T.L0054.Construction", "R5T.L0054.Construction\R5T.L0054.Construction.csproj", "{FF51EFF4-B08D-422B-8A31-1CDBAFE0557E}"
EndProject
Project("{9A19103F-16F7-4668-BE54-9A1E7A4F7556}") = "R5T.L0054", "R5T.L0054\R5T.L0054.csproj", "{F22FCA14-1A8C-4FA7-859F-115331D28735}"
EndProject
Global
	GlobalSection(SolutionConfigurationPlatforms) = preSolution
		Debug|Any CPU = Debug|Any CPU
		Release|Any CPU = Release|Any CPU
	EndGlobalSection
	GlobalSection(ProjectConfigurationPlatforms) = postSolution
		{FF51EFF4-B08D-422B-8A31-1CDBAFE0557E}.Debug|Any CPU.ActiveCfg = Debug|Any CPU
		{FF51EFF4-B08D-422B-8A31-1CDBAFE0557E}.Debug|Any CPU.Build.0 = Debug|Any CPU
		{FF51EFF4-B08D-422B-8A31-1CDBAFE0557E}.Release|Any CPU.ActiveCfg = Release|Any CPU
		{FF51EFF4-B08D-422B-8A31-1CDBAFE0557E}.Release|Any CPU.Build.0 = Release|Any CPU
		{F22FCA14-1A8C-4FA7-859F-115331D28735}.Debug|Any CPU.ActiveCfg = Debug|Any CPU
		{F22FCA14-1A8C-4FA7-859F-115331D28735}.Debug|Any CPU.Build.0 = Debug|Any CPU
		{F22FCA14-1A8C-4FA7-859F-115331D28735}.Release|Any CPU.ActiveCfg = Release|Any CPU
		{F22FCA14-1A8C-4FA7-859F-115331D28735}.Release|Any CPU.Build.0 = Release|Any CPU
	EndGlobalSection
	GlobalSection(SolutionProperties) = preSolution
		HideSolutionNode = FALSE
	EndGlobalSection
	GlobalSection(ExtensibilityGlobals) = postSolution
		SolutionGuid = {0F7B66C2-0C0F-44D1-B3C1-BF347A4CCEC6}
	EndGlobalSection
EndGlobal
