
Microsoft Visual Studio Solution File, Format Version 12.00
# Visual Studio Version 17
VisualStudioVersion = 17.2.32630.192
MinimumVisualStudioVersion = 10.0.40219.1
Project("{9A19103F-16F7-4668-BE54-9A1E7A4F7556}") = "R5T.L0054.Construction", "R5T.L0054.Construction\R5T.L0054.Construction.csproj", "{FF51EFF4-B08D-422B-8A31-1CDBAFE0557E}"
EndProject
Project("{9A19103F-16F7-4668-BE54-9A1E7A4F7556}") = "R5T.L0054", "R5T.L0054\R5T.L0054.csproj", "{F22FCA14-1A8C-4FA7-859F-115331D28735}"
EndProject
Project("{2150E333-8FDC-42A3-9474-1A3956D46DE8}") = "_Dependencies", "_Dependencies", "{FC7CDC64-58D4-4238-8821-709F7EF6F6C2}"
EndProject
Project("{9A19103F-16F7-4668-BE54-9A1E7A4F7556}") = "R5T.L0053", "..\..\R5T.L0053\source\R5T.L0053\R5T.L0053.csproj", "{87C26EA2-6F77-4AD3-AFD2-1FA452D93B73}"
EndProject
Project("{9A19103F-16F7-4668-BE54-9A1E7A4F7556}") = "R5T.T0131", "..\..\R5T.T0131\source\R5T.T0131\R5T.T0131.csproj", "{5BC8E188-CEC4-4BFD-83B6-977BE72DAC4B}"
EndProject
Project("{9A19103F-16F7-4668-BE54-9A1E7A4F7556}") = "R5T.T0132", "..\..\R5T.T0132\source\R5T.T0132\R5T.T0132.csproj", "{97D0B792-43C6-4209-B97D-AF04B07FC10F}"
EndProject
Project("{9A19103F-16F7-4668-BE54-9A1E7A4F7556}") = "R5T.T0143", "..\..\R5T.T0143\source\R5T.T0143\R5T.T0143.csproj", "{890E346E-8E22-41DD-B0E2-74F1C8595B06}"
EndProject
Global
	GlobalSection(NestedProjects) = preSolution
		{87C26EA2-6F77-4AD3-AFD2-1FA452D93B73} = {FC7CDC64-58D4-4238-8821-709F7EF6F6C2}
		{5BC8E188-CEC4-4BFD-83B6-977BE72DAC4B} = {FC7CDC64-58D4-4238-8821-709F7EF6F6C2}
		{97D0B792-43C6-4209-B97D-AF04B07FC10F} = {FC7CDC64-58D4-4238-8821-709F7EF6F6C2}
		{890E346E-8E22-41DD-B0E2-74F1C8595B06} = {FC7CDC64-58D4-4238-8821-709F7EF6F6C2}
	EndGlobalSection
	GlobalSection(SolutionConfigurationPlatforms) = preSolution
		Debug|Any CPU = Debug|Any CPU
		Release|Any CPU = Release|Any CPU
	EndGlobalSection
	GlobalSection(ProjectConfigurationPlatforms) = postSolution
		{FF51EFF4-B08D-422B-8A31-1CDBAFE0557E}.Debug|Any CPU.ActiveCfg = Debug|Any CPU
		{FF51EFF4-B08D-422B-8A31-1CDBAFE0557E}.Debug|Any CPU.Build.0 = Debug|Any CPU
		{FF51EFF4-B08D-422B-8A31-1CDBAFE0557E}.Release|Any CPU.ActiveCfg = Release|Any CPU
		{FF51EFF4-B08D-422B-8A31-1CDBAFE0557E}.Release|Any CPU.Build.0 = Release|Any CPU
		{F22FCA14-1A8C-4FA7-859F-115331D28735}.Debug|Any CPU.ActiveCfg = Debug|Any CPU
		{F22FCA14-1A8C-4FA7-859F-115331D28735}.Debug|Any CPU.Build.0 = Debug|Any CPU
		{F22FCA14-1A8C-4FA7-859F-115331D28735}.Release|Any CPU.ActiveCfg = Release|Any CPU
		{F22FCA14-1A8C-4FA7-859F-115331D28735}.Release|Any CPU.Build.0 = Release|Any CPU
		{87C26EA2-6F77-4AD3-AFD2-1FA452D93B73}.Debug|Any CPU.ActiveCfg = Debug|Any CPU
		{87C26EA2-6F77-4AD3-AFD2-1FA452D93B73}.Debug|Any CPU.Build.0 = Debug|Any CPU
		{87C26EA2-6F77-4AD3-AFD2-1FA452D93B73}.Release|Any CPU.ActiveCfg = Release|Any CPU
		{87C26EA2-6F77-4AD3-AFD2-1FA452D93B73}.Release|Any CPU.Build.0 = Release|Any CPU
		{5BC8E188-CEC4-4BFD-83B6-977BE72DAC4B}.Debug|Any CPU.ActiveCfg = Debug|Any CPU
		{5BC8E188-CEC4-4BFD-83B6-977BE72DAC4B}.Debug|Any CPU.Build.0 = Debug|Any CPU
		{5BC8E188-CEC4-4BFD-83B6-977BE72DAC4B}.Release|Any CPU.ActiveCfg = Release|Any CPU
		{5BC8E188-CEC4-4BFD-83B6-977BE72DAC4B}.Release|Any CPU.Build.0 = Release|Any CPU
		{97D0B792-43C6-4209-B97D-AF04B07FC10F}.Debug|Any CPU.ActiveCfg = Debug|Any CPU
		{97D0B792-43C6-4209-B97D-AF04B07FC10F}.Debug|Any CPU.Build.0 = Debug|Any CPU
		{97D0B792-43C6-4209-B97D-AF04B07FC10F}.Release|Any CPU.ActiveCfg = Release|Any CPU
		{97D0B792-43C6-4209-B97D-AF04B07FC10F}.Release|Any CPU.Build.0 = Release|Any CPU
		{890E346E-8E22-41DD-B0E2-74F1C8595B06}.Debug|Any CPU.ActiveCfg = Debug|Any CPU
		{890E346E-8E22-41DD-B0E2-74F1C8595B06}.Debug|Any CPU.Build.0 = Debug|Any CPU
		{890E346E-8E22-41DD-B0E2-74F1C8595B06}.Release|Any CPU.ActiveCfg = Release|Any CPU
		{890E346E-8E22-41DD-B0E2-74F1C8595B06}.Release|Any CPU.Build.0 = Release|Any CPU
	EndGlobalSection
	GlobalSection(SolutionProperties) = preSolution
		HideSolutionNode = FALSE
	EndGlobalSection
	GlobalSection(ExtensibilityGlobals) = postSolution
		SolutionGuid = {0F7B66C2-0C0F-44D1-B3C1-BF347A4CCEC6}
	EndGlobalSection
EndGlobal
