
Microsoft Visual Studio Solution File, Format Version 12.00
# Visual Studio Version 17
VisualStudioVersion = 17.2.32630.192
MinimumVisualStudioVersion = 10.0.40219.1
Project("{9A19103F-16F7-4668-BE54-9A1E7A4F7556}") = "R5T.L0054", "R5T.L0054\R5T.L0054.csproj", "{C7E5FA1B-117B-4FCE-98B0-6424241B5D90}"
EndProject
Global
	GlobalSection(SolutionConfigurationPlatforms) = preSolution
		Debug|Any CPU = Debug|Any CPU
		Release|Any CPU = Release|Any CPU
	EndGlobalSection
	GlobalSection(ProjectConfigurationPlatforms) = postSolution
		{C7E5FA1B-117B-4FCE-98B0-6424241B5D90}.Debug|Any CPU.ActiveCfg = Debug|Any CPU
		{C7E5FA1B-117B-4FCE-98B0-6424241B5D90}.Debug|Any CPU.Build.0 = Debug|Any CPU
		{C7E5FA1B-117B-4FCE-98B0-6424241B5D90}.Release|Any CPU.ActiveCfg = Release|Any CPU
		{C7E5FA1B-117B-4FCE-98B0-6424241B5D90}.Release|Any CPU.Build.0 = Release|Any CPU
	EndGlobalSection
	GlobalSection(SolutionProperties) = preSolution
		HideSolutionNode = FALSE
	EndGlobalSection
	GlobalSection(ExtensibilityGlobals) = postSolution
		SolutionGuid = {0C95C00A-D565-431C-9F7D-A22A59E582E0}
	EndGlobalSection
EndGlobal
