
Microsoft Visual Studio Solution File, Format Version 12.00
# Visual Studio Version 17
VisualStudioVersion = 17.2.32630.192
MinimumVisualStudioVersion = 10.0.40219.1
Project("{9A19103F-16F7-4668-BE54-9A1E7A4F7556}") = "R5T.L0054.Construction", "R5T.L0054.Construction\R5T.L0054.Construction.csproj", "{FF51EFF4-B08D-422B-8A31-1CDBAFE0557E}"
EndProject
Project("{9A19103F-16F7-4668-BE54-9A1E7A4F7556}") = "R5T.L0054", "R5T.L0054\R5T.L0054.csproj", "{F22FCA14-1A8C-4FA7-859F-115331D28735}"
EndProject
Project("{2150E333-8FDC-42A3-9474-1A3956D46DE8}") = "_Dependencies", "_Dependencies", "{FC7CDC64-58D4-4238-8821-709F7EF6F6C2}"
EndProject
Project("{9A19103F-16F7-4668-BE54-9A1E7A4F7556}") = "R5T.L0053", "..\..\R5T.L0053\source\R5T.L0053\R5T.L0053.csproj", "{87C26EA2-6F77-4AD3-AFD2-1FA452D93B73}"
EndProject
Project("{9A19103F-16F7-4668-BE54-9A1E7A4F7556}") = "R5T.T0131", "..\..\R5T.T0131\source\R5T.T0131\R5T.T0131.csproj", "{5BC8E188-CEC4-4BFD-83B6-977BE72DAC4B}"
EndProject
Project("{9A19103F-16F7-4668-BE54-9A1E7A4F7556}") = "R5T.T0132", "..\..\R5T.T0132\source\R5T.T0132\R5T.T0132.csproj", "{97D0B792-43C6-4209-B97D-AF04B07FC10F}"
EndProject
Project("{9A19103F-16F7-4668-BE54-9A1E7A4F7556}") = "R5T.T0143", "..\..\R5T.T0143\source\R5T.T0143\R5T.T0143.csproj", "{890E346E-8E22-41DD-B0E2-74F1C8595B06}"
EndProject
Project("{9A19103F-16F7-4668-BE54-9A1E7A4F7556}") = "R5T.L0066", "..\..\R5T.L0066\source\R5T.L0066\R5T.L0066.csproj", "{19B2202D-31B8-4BFF-A654-5F55A8B8BD17}"
EndProject
Project("{9A19103F-16F7-4668-BE54-9A1E7A4F7556}") = "R5T.T0142", "..\..\R5T.T0142\source\R5T.T0142\R5T.T0142.csproj", "{0718B941-694F-40C7-8004-CD099E27893E}"
EndProject
Project("{9A19103F-16F7-4668-BE54-9A1E7A4F7556}") = "R5T.T0156", "..\..\R5T.T0156\source\R5T.T0156\R5T.T0156.csproj", "{53059DFA-A648-4685-87FD-BF9A6E59AD2C}"
EndProject
Project("{9A19103F-16F7-4668-BE54-9A1E7A4F7556}") = "R5T.Y0000", "..\..\R5T.Y0000\source\R5T.Y0000\R5T.Y0000.csproj", "{AE776EC6-83A8-453A-A73D-C57EC3E56FBE}"
EndProject
Project("{9A19103F-16F7-4668-BE54-9A1E7A4F7556}") = "R5T.Y0006", "..\..\R5T.Y0006\source\R5T.Y0006\R5T.Y0006.csproj", "{9ED30A02-2951-45FC-BA24-5FAFD134EB12}"
EndProject
Project("{9A19103F-16F7-4668-BE54-9A1E7A4F7556}") = "R5T.Z0000", "..\..\R5T.Z0000\source\R5T.Z0000\R5T.Z0000.csproj", "{D13ED57E-CD97-40D8-A17C-06338E2DDE23}"
EndProject
Project("{9A19103F-16F7-4668-BE54-9A1E7A4F7556}") = "R5T.Z0010.Platform", "..\..\R5T.Z0010\source\R5T.Z0010.Platform\R5T.Z0010.Platform.csproj", "{DE458EB3-90F7-4B1F-93D1-8AA891086162}"
EndProject
Project("{9A19103F-16F7-4668-BE54-9A1E7A4F7556}") = "R5T.L0072", "..\..\R5T.L0072\source\R5T.L0072\R5T.L0072.csproj", "{ADDE764F-C305-405C-8AE7-0D5A6BE36D4D}"
EndProject
Global
	GlobalSection(NestedProjects) = preSolution
		{87C26EA2-6F77-4AD3-AFD2-1FA452D93B73} = {FC7CDC64-58D4-4238-8821-709F7EF6F6C2}
		{5BC8E188-CEC4-4BFD-83B6-977BE72DAC4B} = {FC7CDC64-58D4-4238-8821-709F7EF6F6C2}
		{97D0B792-43C6-4209-B97D-AF04B07FC10F} = {FC7CDC64-58D4-4238-8821-709F7EF6F6C2}
		{890E346E-8E22-41DD-B0E2-74F1C8595B06} = {FC7CDC64-58D4-4238-8821-709F7EF6F6C2}
		{19B2202D-31B8-4BFF-A654-5F55A8B8BD17} = {FC7CDC64-58D4-4238-8821-709F7EF6F6C2}
		{0718B941-694F-40C7-8004-CD099E27893E} = {FC7CDC64-58D4-4238-8821-709F7EF6F6C2}
		{53059DFA-A648-4685-87FD-BF9A6E59AD2C} = {FC7CDC64-58D4-4238-8821-709F7EF6F6C2}
		{AE776EC6-83A8-453A-A73D-C57EC3E56FBE} = {FC7CDC64-58D4-4238-8821-709F7EF6F6C2}
		{9ED30A02-2951-45FC-BA24-5FAFD134EB12} = {FC7CDC64-58D4-4238-8821-709F7EF6F6C2}
		{D13ED57E-CD97-40D8-A17C-06338E2DDE23} = {FC7CDC64-58D4-4238-8821-709F7EF6F6C2}
		{DE458EB3-90F7-4B1F-93D1-8AA891086162} = {FC7CDC64-58D4-4238-8821-709F7EF6F6C2}
		{ADDE764F-C305-405C-8AE7-0D5A6BE36D4D} = {FC7CDC64-58D4-4238-8821-709F7EF6F6C2}
	EndGlobalSection
	GlobalSection(SolutionConfigurationPlatforms) = preSolution
		Debug|Any CPU = Debug|Any CPU
		Release|Any CPU = Release|Any CPU
	EndGlobalSection
	GlobalSection(ProjectConfigurationPlatforms) = postSolution
		{FF51EFF4-B08D-422B-8A31-1CDBAFE0557E}.Debug|Any CPU.ActiveCfg = Debug|Any CPU
		{FF51EFF4-B08D-422B-8A31-1CDBAFE0557E}.Debug|Any CPU.Build.0 = Debug|Any CPU
		{FF51EFF4-B08D-422B-8A31-1CDBAFE0557E}.Release|Any CPU.ActiveCfg = Release|Any CPU
		{FF51EFF4-B08D-422B-8A31-1CDBAFE0557E}.Release|Any CPU.Build.0 = Release|Any CPU
		{F22FCA14-1A8C-4FA7-859F-115331D28735}.Debug|Any CPU.ActiveCfg = Debug|Any CPU
		{F22FCA14-1A8C-4FA7-859F-115331D28735}.Debug|Any CPU.Build.0 = Debug|Any CPU
		{F22FCA14-1A8C-4FA7-859F-115331D28735}.Release|Any CPU.ActiveCfg = Release|Any CPU
		{F22FCA14-1A8C-4FA7-859F-115331D28735}.Release|Any CPU.Build.0 = Release|Any CPU
		{87C26EA2-6F77-4AD3-AFD2-1FA452D93B73}.Debug|Any CPU.ActiveCfg = Debug|Any CPU
		{87C26EA2-6F77-4AD3-AFD2-1FA452D93B73}.Debug|Any CPU.Build.0 = Debug|Any CPU
		{87C26EA2-6F77-4AD3-AFD2-1FA452D93B73}.Release|Any CPU.ActiveCfg = Release|Any CPU
		{87C26EA2-6F77-4AD3-AFD2-1FA452D93B73}.Release|Any CPU.Build.0 = Release|Any CPU
		{5BC8E188-CEC4-4BFD-83B6-977BE72DAC4B}.Debug|Any CPU.ActiveCfg = Debug|Any CPU
		{5BC8E188-CEC4-4BFD-83B6-977BE72DAC4B}.Debug|Any CPU.Build.0 = Debug|Any CPU
		{5BC8E188-CEC4-4BFD-83B6-977BE72DAC4B}.Release|Any CPU.ActiveCfg = Release|Any CPU
		{5BC8E188-CEC4-4BFD-83B6-977BE72DAC4B}.Release|Any CPU.Build.0 = Release|Any CPU
		{97D0B792-43C6-4209-B97D-AF04B07FC10F}.Debug|Any CPU.ActiveCfg = Debug|Any CPU
		{97D0B792-43C6-4209-B97D-AF04B07FC10F}.Debug|Any CPU.Build.0 = Debug|Any CPU
		{97D0B792-43C6-4209-B97D-AF04B07FC10F}.Release|Any CPU.ActiveCfg = Release|Any CPU
		{97D0B792-43C6-4209-B97D-AF04B07FC10F}.Release|Any CPU.Build.0 = Release|Any CPU
		{890E346E-8E22-41DD-B0E2-74F1C8595B06}.Debug|Any CPU.ActiveCfg = Debug|Any CPU
		{890E346E-8E22-41DD-B0E2-74F1C8595B06}.Debug|Any CPU.Build.0 = Debug|Any CPU
		{890E346E-8E22-41DD-B0E2-74F1C8595B06}.Release|Any CPU.ActiveCfg = Release|Any CPU
		{890E346E-8E22-41DD-B0E2-74F1C8595B06}.Release|Any CPU.Build.0 = Release|Any CPU
		{19B2202D-31B8-4BFF-A654-5F55A8B8BD17}.Debug|Any CPU.ActiveCfg = Debug|Any CPU
		{19B2202D-31B8-4BFF-A654-5F55A8B8BD17}.Debug|Any CPU.Build.0 = Debug|Any CPU
		{19B2202D-31B8-4BFF-A654-5F55A8B8BD17}.Release|Any CPU.ActiveCfg = Release|Any CPU
		{19B2202D-31B8-4BFF-A654-5F55A8B8BD17}.Release|Any CPU.Build.0 = Release|Any CPU
		{0718B941-694F-40C7-8004-CD099E27893E}.Debug|Any CPU.ActiveCfg = Debug|Any CPU
		{0718B941-694F-40C7-8004-CD099E27893E}.Debug|Any CPU.Build.0 = Debug|Any CPU
		{0718B941-694F-40C7-8004-CD099E27893E}.Release|Any CPU.ActiveCfg = Release|Any CPU
		{0718B941-694F-40C7-8004-CD099E27893E}.Release|Any CPU.Build.0 = Release|Any CPU
		{53059DFA-A648-4685-87FD-BF9A6E59AD2C}.Debug|Any CPU.ActiveCfg = Debug|Any CPU
		{53059DFA-A648-4685-87FD-BF9A6E59AD2C}.Debug|Any CPU.Build.0 = Debug|Any CPU
		{53059DFA-A648-4685-87FD-BF9A6E59AD2C}.Release|Any CPU.ActiveCfg = Release|Any CPU
		{53059DFA-A648-4685-87FD-BF9A6E59AD2C}.Release|Any CPU.Build.0 = Release|Any CPU
		{AE776EC6-83A8-453A-A73D-C57EC3E56FBE}.Debug|Any CPU.ActiveCfg = Debug|Any CPU
		{AE776EC6-83A8-453A-A73D-C57EC3E56FBE}.Debug|Any CPU.Build.0 = Debug|Any CPU
		{AE776EC6-83A8-453A-A73D-C57EC3E56FBE}.Release|Any CPU.ActiveCfg = Release|Any CPU
		{AE776EC6-83A8-453A-A73D-C57EC3E56FBE}.Release|Any CPU.Build.0 = Release|Any CPU
		{9ED30A02-2951-45FC-BA24-5FAFD134EB12}.Debug|Any CPU.ActiveCfg = Debug|Any CPU
		{9ED30A02-2951-45FC-BA24-5FAFD134EB12}.Debug|Any CPU.Build.0 = Debug|Any CPU
		{9ED30A02-2951-45FC-BA24-5FAFD134EB12}.Release|Any CPU.ActiveCfg = Release|Any CPU
		{9ED30A02-2951-45FC-BA24-5FAFD134EB12}.Release|Any CPU.Build.0 = Release|Any CPU
		{D13ED57E-CD97-40D8-A17C-06338E2DDE23}.Debug|Any CPU.ActiveCfg = Debug|Any CPU
		{D13ED57E-CD97-40D8-A17C-06338E2DDE23}.Debug|Any CPU.Build.0 = Debug|Any CPU
		{D13ED57E-CD97-40D8-A17C-06338E2DDE23}.Release|Any CPU.ActiveCfg = Release|Any CPU
		{D13ED57E-CD97-40D8-A17C-06338E2DDE23}.Release|Any CPU.Build.0 = Release|Any CPU
		{DE458EB3-90F7-4B1F-93D1-8AA891086162}.Debug|Any CPU.ActiveCfg = Debug|Any CPU
		{DE458EB3-90F7-4B1F-93D1-8AA891086162}.Debug|Any CPU.Build.0 = Debug|Any CPU
		{DE458EB3-90F7-4B1F-93D1-8AA891086162}.Release|Any CPU.ActiveCfg = Release|Any CPU
		{DE458EB3-90F7-4B1F-93D1-8AA891086162}.Release|Any CPU.Build.0 = Release|Any CPU
		{ADDE764F-C305-405C-8AE7-0D5A6BE36D4D}.Debug|Any CPU.ActiveCfg = Debug|Any CPU
		{ADDE764F-C305-405C-8AE7-0D5A6BE36D4D}.Debug|Any CPU.Build.0 = Debug|Any CPU
		{ADDE764F-C305-405C-8AE7-0D5A6BE36D4D}.Release|Any CPU.ActiveCfg = Release|Any CPU
		{ADDE764F-C305-405C-8AE7-0D5A6BE36D4D}.Release|Any CPU.Build.0 = Release|Any CPU
	EndGlobalSection
	GlobalSection(SolutionProperties) = preSolution
		HideSolutionNode = FALSE
	EndGlobalSection
	GlobalSection(ExtensibilityGlobals) = postSolution
		SolutionGuid = {0F7B66C2-0C0F-44D1-B3C1-BF347A4CCEC6}
	EndGlobalSection
EndGlobal
