
Microsoft Visual Studio Solution File, Format Version 12.00
# Visual Studio Version 17
VisualStudioVersion = 17.2.32630.192
MinimumVisualStudioVersion = 10.0.40219.1
Project("{9A19103F-16F7-4668-BE54-9A1E7A4F7556}") = "R5T.L0054", "R5T.L0054\R5T.L0054.csproj", "{C7E5FA1B-117B-4FCE-98B0-6424241B5D90}"
EndProject
Project("{2150E333-8FDC-42A3-9474-1A3956D46DE8}") = "_Dependencies", "_Dependencies", "{5BA87F87-DF65-4F76-9A62-AFE82590F84E}"
EndProject
Project("{9A19103F-16F7-4668-BE54-9A1E7A4F7556}") = "R5T.L0053", "..\..\R5T.L0053\source\R5T.L0053\R5T.L0053.csproj", "{2045949E-49B7-4EA0-BD26-A9DA6F3395C4}"
EndProject
Project("{9A19103F-16F7-4668-BE54-9A1E7A4F7556}") = "R5T.T0131", "..\..\R5T.T0131\source\R5T.T0131\R5T.T0131.csproj", "{72C3E2D4-CF52-432E-AEE6-CAFB9E9EAE34}"
EndProject
Project("{9A19103F-16F7-4668-BE54-9A1E7A4F7556}") = "R5T.T0132", "..\..\R5T.T0132\source\R5T.T0132\R5T.T0132.csproj", "{B68283B1-EFA9-49D2-A256-5AE39E3DB121}"
EndProject
Project("{9A19103F-16F7-4668-BE54-9A1E7A4F7556}") = "R5T.T0143", "..\..\R5T.T0143\source\R5T.T0143\R5T.T0143.csproj", "{82DACEDD-2E5B-47A1-BCB8-18CD01DF5278}"
EndProject
Project("{9A19103F-16F7-4668-BE54-9A1E7A4F7556}") = "R5T.L0066", "..\..\R5T.L0066\source\R5T.L0066\R5T.L0066.csproj", "{335BB6E5-B4B9-4443-8AF1-95B5BD7D293A}"
EndProject
Project("{9A19103F-16F7-4668-BE54-9A1E7A4F7556}") = "R5T.L0072", "..\..\R5T.L0072\source\R5T.L0072\R5T.L0072.csproj", "{3AD6587C-7895-430F-B030-C21C558F58DA}"
EndProject
Project("{9A19103F-16F7-4668-BE54-9A1E7A4F7556}") = "R5T.T0142", "..\..\R5T.T0142\source\R5T.T0142\R5T.T0142.csproj", "{D44A67A4-3C51-47FD-ABF0-7DE0EE2A1024}"
EndProject
Project("{9A19103F-16F7-4668-BE54-9A1E7A4F7556}") = "R5T.T0156", "..\..\R5T.T0156\source\R5T.T0156\R5T.T0156.csproj", "{0A2061C9-2208-454D-B2CB-F6069B9471D5}"
EndProject
Project("{9A19103F-16F7-4668-BE54-9A1E7A4F7556}") = "R5T.Y0000", "..\..\R5T.Y0000\source\R5T.Y0000\R5T.Y0000.csproj", "{AFA7139F-374B-42C7-93A9-2BF37F25DCF8}"
EndProject
Project("{9A19103F-16F7-4668-BE54-9A1E7A4F7556}") = "R5T.Y0006", "..\..\R5T.Y0006\source\R5T.Y0006\R5T.Y0006.csproj", "{762AB5A1-563D-4985-9D55-EDADA3BFD5B0}"
EndProject
Project("{9A19103F-16F7-4668-BE54-9A1E7A4F7556}") = "R5T.Z0000", "..\..\R5T.Z0000\source\R5T.Z0000\R5T.Z0000.csproj", "{28359C84-B411-4E6A-91CD-7852AD4B458A}"
EndProject
Project("{9A19103F-16F7-4668-BE54-9A1E7A4F7556}") = "R5T.Z0010.Platform", "..\..\R5T.Z0010\source\R5T.Z0010.Platform\R5T.Z0010.Platform.csproj", "{25A09D4E-7DF8-44B6-980E-31D130E22E82}"
EndProject
Global
	GlobalSection(NestedProjects) = preSolution
		{2045949E-49B7-4EA0-BD26-A9DA6F3395C4} = {5BA87F87-DF65-4F76-9A62-AFE82590F84E}
		{72C3E2D4-CF52-432E-AEE6-CAFB9E9EAE34} = {5BA87F87-DF65-4F76-9A62-AFE82590F84E}
		{B68283B1-EFA9-49D2-A256-5AE39E3DB121} = {5BA87F87-DF65-4F76-9A62-AFE82590F84E}
		{82DACEDD-2E5B-47A1-BCB8-18CD01DF5278} = {5BA87F87-DF65-4F76-9A62-AFE82590F84E}
		{335BB6E5-B4B9-4443-8AF1-95B5BD7D293A} = {5BA87F87-DF65-4F76-9A62-AFE82590F84E}
		{3AD6587C-7895-430F-B030-C21C558F58DA} = {5BA87F87-DF65-4F76-9A62-AFE82590F84E}
		{D44A67A4-3C51-47FD-ABF0-7DE0EE2A1024} = {5BA87F87-DF65-4F76-9A62-AFE82590F84E}
		{0A2061C9-2208-454D-B2CB-F6069B9471D5} = {5BA87F87-DF65-4F76-9A62-AFE82590F84E}
		{AFA7139F-374B-42C7-93A9-2BF37F25DCF8} = {5BA87F87-DF65-4F76-9A62-AFE82590F84E}
		{762AB5A1-563D-4985-9D55-EDADA3BFD5B0} = {5BA87F87-DF65-4F76-9A62-AFE82590F84E}
		{28359C84-B411-4E6A-91CD-7852AD4B458A} = {5BA87F87-DF65-4F76-9A62-AFE82590F84E}
		{25A09D4E-7DF8-44B6-980E-31D130E22E82} = {5BA87F87-DF65-4F76-9A62-AFE82590F84E}
	EndGlobalSection
	GlobalSection(SolutionConfigurationPlatforms) = preSolution
		Debug|Any CPU = Debug|Any CPU
		Release|Any CPU = Release|Any CPU
	EndGlobalSection
	GlobalSection(ProjectConfigurationPlatforms) = postSolution
		{C7E5FA1B-117B-4FCE-98B0-6424241B5D90}.Debug|Any CPU.ActiveCfg = Debug|Any CPU
		{C7E5FA1B-117B-4FCE-98B0-6424241B5D90}.Debug|Any CPU.Build.0 = Debug|Any CPU
		{C7E5FA1B-117B-4FCE-98B0-6424241B5D90}.Release|Any CPU.ActiveCfg = Release|Any CPU
		{C7E5FA1B-117B-4FCE-98B0-6424241B5D90}.Release|Any CPU.Build.0 = Release|Any CPU
		{2045949E-49B7-4EA0-BD26-A9DA6F3395C4}.Debug|Any CPU.ActiveCfg = Debug|Any CPU
		{2045949E-49B7-4EA0-BD26-A9DA6F3395C4}.Debug|Any CPU.Build.0 = Debug|Any CPU
		{2045949E-49B7-4EA0-BD26-A9DA6F3395C4}.Release|Any CPU.ActiveCfg = Release|Any CPU
		{2045949E-49B7-4EA0-BD26-A9DA6F3395C4}.Release|Any CPU.Build.0 = Release|Any CPU
		{72C3E2D4-CF52-432E-AEE6-CAFB9E9EAE34}.Debug|Any CPU.ActiveCfg = Debug|Any CPU
		{72C3E2D4-CF52-432E-AEE6-CAFB9E9EAE34}.Debug|Any CPU.Build.0 = Debug|Any CPU
		{72C3E2D4-CF52-432E-AEE6-CAFB9E9EAE34}.Release|Any CPU.ActiveCfg = Release|Any CPU
		{72C3E2D4-CF52-432E-AEE6-CAFB9E9EAE34}.Release|Any CPU.Build.0 = Release|Any CPU
		{B68283B1-EFA9-49D2-A256-5AE39E3DB121}.Debug|Any CPU.ActiveCfg = Debug|Any CPU
		{B68283B1-EFA9-49D2-A256-5AE39E3DB121}.Debug|Any CPU.Build.0 = Debug|Any CPU
		{B68283B1-EFA9-49D2-A256-5AE39E3DB121}.Release|Any CPU.ActiveCfg = Release|Any CPU
		{B68283B1-EFA9-49D2-A256-5AE39E3DB121}.Release|Any CPU.Build.0 = Release|Any CPU
		{82DACEDD-2E5B-47A1-BCB8-18CD01DF5278}.Debug|Any CPU.ActiveCfg = Debug|Any CPU
		{82DACEDD-2E5B-47A1-BCB8-18CD01DF5278}.Debug|Any CPU.Build.0 = Debug|Any CPU
		{82DACEDD-2E5B-47A1-BCB8-18CD01DF5278}.Release|Any CPU.ActiveCfg = Release|Any CPU
		{82DACEDD-2E5B-47A1-BCB8-18CD01DF5278}.Release|Any CPU.Build.0 = Release|Any CPU
		{335BB6E5-B4B9-4443-8AF1-95B5BD7D293A}.Debug|Any CPU.ActiveCfg = Debug|Any CPU
		{335BB6E5-B4B9-4443-8AF1-95B5BD7D293A}.Debug|Any CPU.Build.0 = Debug|Any CPU
		{335BB6E5-B4B9-4443-8AF1-95B5BD7D293A}.Release|Any CPU.ActiveCfg = Release|Any CPU
		{335BB6E5-B4B9-4443-8AF1-95B5BD7D293A}.Release|Any CPU.Build.0 = Release|Any CPU
		{3AD6587C-7895-430F-B030-C21C558F58DA}.Debug|Any CPU.ActiveCfg = Debug|Any CPU
		{3AD6587C-7895-430F-B030-C21C558F58DA}.Debug|Any CPU.Build.0 = Debug|Any CPU
		{3AD6587C-7895-430F-B030-C21C558F58DA}.Release|Any CPU.ActiveCfg = Release|Any CPU
		{3AD6587C-7895-430F-B030-C21C558F58DA}.Release|Any CPU.Build.0 = Release|Any CPU
		{D44A67A4-3C51-47FD-ABF0-7DE0EE2A1024}.Debug|Any CPU.ActiveCfg = Debug|Any CPU
		{D44A67A4-3C51-47FD-ABF0-7DE0EE2A1024}.Debug|Any CPU.Build.0 = Debug|Any CPU
		{D44A67A4-3C51-47FD-ABF0-7DE0EE2A1024}.Release|Any CPU.ActiveCfg = Release|Any CPU
		{D44A67A4-3C51-47FD-ABF0-7DE0EE2A1024}.Release|Any CPU.Build.0 = Release|Any CPU
		{0A2061C9-2208-454D-B2CB-F6069B9471D5}.Debug|Any CPU.ActiveCfg = Debug|Any CPU
		{0A2061C9-2208-454D-B2CB-F6069B9471D5}.Debug|Any CPU.Build.0 = Debug|Any CPU
		{0A2061C9-2208-454D-B2CB-F6069B9471D5}.Release|Any CPU.ActiveCfg = Release|Any CPU
		{0A2061C9-2208-454D-B2CB-F6069B9471D5}.Release|Any CPU.Build.0 = Release|Any CPU
		{AFA7139F-374B-42C7-93A9-2BF37F25DCF8}.Debug|Any CPU.ActiveCfg = Debug|Any CPU
		{AFA7139F-374B-42C7-93A9-2BF37F25DCF8}.Debug|Any CPU.Build.0 = Debug|Any CPU
		{AFA7139F-374B-42C7-93A9-2BF37F25DCF8}.Release|Any CPU.ActiveCfg = Release|Any CPU
		{AFA7139F-374B-42C7-93A9-2BF37F25DCF8}.Release|Any CPU.Build.0 = Release|Any CPU
		{762AB5A1-563D-4985-9D55-EDADA3BFD5B0}.Debug|Any CPU.ActiveCfg = Debug|Any CPU
		{762AB5A1-563D-4985-9D55-EDADA3BFD5B0}.Debug|Any CPU.Build.0 = Debug|Any CPU
		{762AB5A1-563D-4985-9D55-EDADA3BFD5B0}.Release|Any CPU.ActiveCfg = Release|Any CPU
		{762AB5A1-563D-4985-9D55-EDADA3BFD5B0}.Release|Any CPU.Build.0 = Release|Any CPU
		{28359C84-B411-4E6A-91CD-7852AD4B458A}.Debug|Any CPU.ActiveCfg = Debug|Any CPU
		{28359C84-B411-4E6A-91CD-7852AD4B458A}.Debug|Any CPU.Build.0 = Debug|Any CPU
		{28359C84-B411-4E6A-91CD-7852AD4B458A}.Release|Any CPU.ActiveCfg = Release|Any CPU
		{28359C84-B411-4E6A-91CD-7852AD4B458A}.Release|Any CPU.Build.0 = Release|Any CPU
		{25A09D4E-7DF8-44B6-980E-31D130E22E82}.Debug|Any CPU.ActiveCfg = Debug|Any CPU
		{25A09D4E-7DF8-44B6-980E-31D130E22E82}.Debug|Any CPU.Build.0 = Debug|Any CPU
		{25A09D4E-7DF8-44B6-980E-31D130E22E82}.Release|Any CPU.ActiveCfg = Release|Any CPU
		{25A09D4E-7DF8-44B6-980E-31D130E22E82}.Release|Any CPU.Build.0 = Release|Any CPU
	EndGlobalSection
	GlobalSection(SolutionProperties) = preSolution
		HideSolutionNode = FALSE
	EndGlobalSection
	GlobalSection(ExtensibilityGlobals) = postSolution
		SolutionGuid = {0C95C00A-D565-431C-9F7D-A22A59E582E0}
	EndGlobalSection
EndGlobal
