
Microsoft Visual Studio Solution File, Format Version 12.00
# Visual Studio Version 17
VisualStudioVersion = 17.2.32630.192
MinimumVisualStudioVersion = 10.0.40219.1
Project("{9A19103F-16F7-4668-BE54-9A1E7A4F7556}") = "R5T.L0054", "R5T.L0054\R5T.L0054.csproj", "{C7E5FA1B-117B-4FCE-98B0-6424241B5D90}"
EndProject
Project("{2150E333-8FDC-42A3-9474-1A3956D46DE8}") = "_Dependencies", "_Dependencies", "{5BA87F87-DF65-4F76-9A62-AFE82590F84E}"
EndProject
Project("{9A19103F-16F7-4668-BE54-9A1E7A4F7556}") = "R5T.L0053", "..\..\R5T.L0053\source\R5T.L0053\R5T.L0053.csproj", "{2045949E-49B7-4EA0-BD26-A9DA6F3395C4}"
EndProject
Project("{9A19103F-16F7-4668-BE54-9A1E7A4F7556}") = "R5T.T0131", "..\..\R5T.T0131\source\R5T.T0131\R5T.T0131.csproj", "{72C3E2D4-CF52-432E-AEE6-CAFB9E9EAE34}"
EndProject
Project("{9A19103F-16F7-4668-BE54-9A1E7A4F7556}") = "R5T.T0132", "..\..\R5T.T0132\source\R5T.T0132\R5T.T0132.csproj", "{B68283B1-EFA9-49D2-A256-5AE39E3DB121}"
EndProject
Project("{9A19103F-16F7-4668-BE54-9A1E7A4F7556}") = "R5T.T0143", "..\..\R5T.T0143\source\R5T.T0143\R5T.T0143.csproj", "{82DACEDD-2E5B-47A1-BCB8-18CD01DF5278}"
EndProject
Global
	GlobalSection(NestedProjects) = preSolution
		{2045949E-49B7-4EA0-BD26-A9DA6F3395C4} = {5BA87F87-DF65-4F76-9A62-AFE82590F84E}
		{72C3E2D4-CF52-432E-AEE6-CAFB9E9EAE34} = {5BA87F87-DF65-4F76-9A62-AFE82590F84E}
		{B68283B1-EFA9-49D2-A256-5AE39E3DB121} = {5BA87F87-DF65-4F76-9A62-AFE82590F84E}
		{82DACEDD-2E5B-47A1-BCB8-18CD01DF5278} = {5BA87F87-DF65-4F76-9A62-AFE82590F84E}
	EndGlobalSection
	GlobalSection(SolutionConfigurationPlatforms) = preSolution
		Debug|Any CPU = Debug|Any CPU
		Release|Any CPU = Release|Any CPU
	EndGlobalSection
	GlobalSection(ProjectConfigurationPlatforms) = postSolution
		{C7E5FA1B-117B-4FCE-98B0-6424241B5D90}.Debug|Any CPU.ActiveCfg = Debug|Any CPU
		{C7E5FA1B-117B-4FCE-98B0-6424241B5D90}.Debug|Any CPU.Build.0 = Debug|Any CPU
		{C7E5FA1B-117B-4FCE-98B0-6424241B5D90}.Release|Any CPU.ActiveCfg = Release|Any CPU
		{C7E5FA1B-117B-4FCE-98B0-6424241B5D90}.Release|Any CPU.Build.0 = Release|Any CPU
		{2045949E-49B7-4EA0-BD26-A9DA6F3395C4}.Debug|Any CPU.ActiveCfg = Debug|Any CPU
		{2045949E-49B7-4EA0-BD26-A9DA6F3395C4}.Debug|Any CPU.Build.0 = Debug|Any CPU
		{2045949E-49B7-4EA0-BD26-A9DA6F3395C4}.Release|Any CPU.ActiveCfg = Release|Any CPU
		{2045949E-49B7-4EA0-BD26-A9DA6F3395C4}.Release|Any CPU.Build.0 = Release|Any CPU
		{72C3E2D4-CF52-432E-AEE6-CAFB9E9EAE34}.Debug|Any CPU.ActiveCfg = Debug|Any CPU
		{72C3E2D4-CF52-432E-AEE6-CAFB9E9EAE34}.Debug|Any CPU.Build.0 = Debug|Any CPU
		{72C3E2D4-CF52-432E-AEE6-CAFB9E9EAE34}.Release|Any CPU.ActiveCfg = Release|Any CPU
		{72C3E2D4-CF52-432E-AEE6-CAFB9E9EAE34}.Release|Any CPU.Build.0 = Release|Any CPU
		{B68283B1-EFA9-49D2-A256-5AE39E3DB121}.Debug|Any CPU.ActiveCfg = Debug|Any CPU
		{B68283B1-EFA9-49D2-A256-5AE39E3DB121}.Debug|Any CPU.Build.0 = Debug|Any CPU
		{B68283B1-EFA9-49D2-A256-5AE39E3DB121}.Release|Any CPU.ActiveCfg = Release|Any CPU
		{B68283B1-EFA9-49D2-A256-5AE39E3DB121}.Release|Any CPU.Build.0 = Release|Any CPU
		{82DACEDD-2E5B-47A1-BCB8-18CD01DF5278}.Debug|Any CPU.ActiveCfg = Debug|Any CPU
		{82DACEDD-2E5B-47A1-BCB8-18CD01DF5278}.Debug|Any CPU.Build.0 = Debug|Any CPU
		{82DACEDD-2E5B-47A1-BCB8-18CD01DF5278}.Release|Any CPU.ActiveCfg = Release|Any CPU
		{82DACEDD-2E5B-47A1-BCB8-18CD01DF5278}.Release|Any CPU.Build.0 = Release|Any CPU
	EndGlobalSection
	GlobalSection(SolutionProperties) = preSolution
		HideSolutionNode = FALSE
	EndGlobalSection
	GlobalSection(ExtensibilityGlobals) = postSolution
		SolutionGuid = {0C95C00A-D565-431C-9F7D-A22A59E582E0}
	EndGlobalSection
EndGlobal
